// !$*UTF8*$!
{
	archiveVersion = 1;
	classes = {
	};
	objectVersion = 46;
	objects = {

/* Begin PBXBuildFile section */
		0B2D8E7A1D07A56F0025AE0D /* LoginViewController.m in Sources */ = {isa = PBXBuildFile; fileRef = 0B2D8E791D07A56F0025AE0D /* LoginViewController.m */; };
		0B2D8E811D07B52A0025AE0D /* DataRequestTool.m in Sources */ = {isa = PBXBuildFile; fileRef = 0B2D8E801D07B52A0025AE0D /* DataRequestTool.m */; };
		0B2D8E881D07CA150025AE0D /* Base64.m in Sources */ = {isa = PBXBuildFile; fileRef = 0B2D8E841D07CA150025AE0D /* Base64.m */; };
		0B2D8E891D07CA150025AE0D /* NSString+MD5.m in Sources */ = {isa = PBXBuildFile; fileRef = 0B2D8E871D07CA150025AE0D /* NSString+MD5.m */; settings = {COMPILER_FLAGS = "-fno-objc-arc"; }; };
		0B63F57C1D066BB3005D0423 /* main.m in Sources */ = {isa = PBXBuildFile; fileRef = 0B63F57B1D066BB3005D0423 /* main.m */; };
		0B63F5851D066BB3005D0423 /* Main.storyboard in Resources */ = {isa = PBXBuildFile; fileRef = 0B63F5831D066BB3005D0423 /* Main.storyboard */; };
		0B63F58A1D066BB3005D0423 /* LaunchScreen.storyboard in Resources */ = {isa = PBXBuildFile; fileRef = 0B63F5881D066BB3005D0423 /* LaunchScreen.storyboard */; };
		0B63F5951D066BB3005D0423 /* OfficeTestTests.m in Sources */ = {isa = PBXBuildFile; fileRef = 0B63F5941D066BB3005D0423 /* OfficeTestTests.m */; };
		0B63F5A01D066BB4005D0423 /* OfficeTestUITests.m in Sources */ = {isa = PBXBuildFile; fileRef = 0B63F59F1D066BB4005D0423 /* OfficeTestUITests.m */; };
		0B63F5C01D067286005D0423 /* AppDelegate.m in Sources */ = {isa = PBXBuildFile; fileRef = 0B63F5B01D067286005D0423 /* AppDelegate.m */; };
		0B63F5C41D069920005D0423 /* MessageListViewController.m in Sources */ = {isa = PBXBuildFile; fileRef = 0B63F5C31D069920005D0423 /* MessageListViewController.m */; };
		0B63F5C91D069B12005D0423 /* WorkCollectionViewController.m in Sources */ = {isa = PBXBuildFile; fileRef = 0B63F5C81D069B12005D0423 /* WorkCollectionViewController.m */; };
		0B63F5CC1D069BCD005D0423 /* ContactsTableViewController.m in Sources */ = {isa = PBXBuildFile; fileRef = 0B63F5CB1D069BCD005D0423 /* ContactsTableViewController.m */; };
		0B63F5CF1D069BE1005D0423 /* UserTableViewController.m in Sources */ = {isa = PBXBuildFile; fileRef = 0B63F5CE1D069BE1005D0423 /* UserTableViewController.m */; };
		0B63F6121D06C41E005D0423 /* KxMenu.m in Sources */ = {isa = PBXBuildFile; fileRef = 0B63F6111D06C41E005D0423 /* KxMenu.m */; };
		0B63F6151D06C491005D0423 /* UIColor+RCColor.m in Sources */ = {isa = PBXBuildFile; fileRef = 0B63F6141D06C491005D0423 /* UIColor+RCColor.m */; };
		0B63F6181D06C4BA005D0423 /* UIImage+RCImage.m in Sources */ = {isa = PBXBuildFile; fileRef = 0B63F6171D06C4BA005D0423 /* UIImage+RCImage.m */; };
		0B6A1A751D23604E00E25E1D /* Images.xcassets in Resources */ = {isa = PBXBuildFile; fileRef = 0B6A1A741D23604E00E25E1D /* Images.xcassets */; };
		0B792A4F1D24AE0200D747F8 /* BackGroundView.m in Sources */ = {isa = PBXBuildFile; fileRef = 0B792A4E1D24AE0200D747F8 /* BackGroundView.m */; };
		0B792A521D24B30A00D747F8 /* UserAccountTableViewCell.m in Sources */ = {isa = PBXBuildFile; fileRef = 0B792A511D24B30A00D747F8 /* UserAccountTableViewCell.m */; };
		0B88A6C71D23691B004FA9D1 /* UserContentTableViewCell.m in Sources */ = {isa = PBXBuildFile; fileRef = 0B88A6C61D23691B004FA9D1 /* UserContentTableViewCell.m */; };
		0BCA10071D24C8AE00B70628 /* TabbarController.m in Sources */ = {isa = PBXBuildFile; fileRef = 0BCA10061D24C8AE00B70628 /* TabbarController.m */; };
		8C382DE6E969321AFBC5F9CD /* Pods_OfficeTest.framework in Frameworks */ = {isa = PBXBuildFile; fileRef = A512E1DED29BFDB09C6E57ED /* Pods_OfficeTest.framework */; };
/* End PBXBuildFile section */

/* Begin PBXContainerItemProxy section */
		0B63F5911D066BB3005D0423 /* PBXContainerItemProxy */ = {
			isa = PBXContainerItemProxy;
			containerPortal = 0B63F56F1D066BB3005D0423 /* Project object */;
			proxyType = 1;
			remoteGlobalIDString = 0B63F5761D066BB3005D0423;
			remoteInfo = OfficeTest;
		};
		0B63F59C1D066BB4005D0423 /* PBXContainerItemProxy */ = {
			isa = PBXContainerItemProxy;
			containerPortal = 0B63F56F1D066BB3005D0423 /* Project object */;
			proxyType = 1;
			remoteGlobalIDString = 0B63F5761D066BB3005D0423;
			remoteInfo = OfficeTest;
		};
/* End PBXContainerItemProxy section */

/* Begin PBXFileReference section */
		0B2D8E781D07A56F0025AE0D /* LoginViewController.h */ = {isa = PBXFileReference; fileEncoding = 4; lastKnownFileType = sourcecode.c.h; path = LoginViewController.h; sourceTree = "<group>"; };
		0B2D8E791D07A56F0025AE0D /* LoginViewController.m */ = {isa = PBXFileReference; fileEncoding = 4; lastKnownFileType = sourcecode.c.objc; path = LoginViewController.m; sourceTree = "<group>"; };
		0B2D8E7F1D07B52A0025AE0D /* DataRequestTool.h */ = {isa = PBXFileReference; fileEncoding = 4; lastKnownFileType = sourcecode.c.h; path = DataRequestTool.h; sourceTree = "<group>"; };
		0B2D8E801D07B52A0025AE0D /* DataRequestTool.m */ = {isa = PBXFileReference; fileEncoding = 4; lastKnownFileType = sourcecode.c.objc; path = DataRequestTool.m; sourceTree = "<group>"; };
		0B2D8E831D07CA150025AE0D /* Base64.h */ = {isa = PBXFileReference; fileEncoding = 4; lastKnownFileType = sourcecode.c.h; path = Base64.h; sourceTree = "<group>"; };
		0B2D8E841D07CA150025AE0D /* Base64.m */ = {isa = PBXFileReference; fileEncoding = 4; lastKnownFileType = sourcecode.c.objc; path = Base64.m; sourceTree = "<group>"; };
		0B2D8E861D07CA150025AE0D /* NSString+MD5.h */ = {isa = PBXFileReference; fileEncoding = 4; lastKnownFileType = sourcecode.c.h; path = "NSString+MD5.h"; sourceTree = "<group>"; };
		0B2D8E871D07CA150025AE0D /* NSString+MD5.m */ = {isa = PBXFileReference; fileEncoding = 4; lastKnownFileType = sourcecode.c.objc; path = "NSString+MD5.m"; sourceTree = "<group>"; };
		0B63F5771D066BB3005D0423 /* OfficeTest.app */ = {isa = PBXFileReference; explicitFileType = wrapper.application; includeInIndex = 0; path = OfficeTest.app; sourceTree = BUILT_PRODUCTS_DIR; };
		0B63F57B1D066BB3005D0423 /* main.m */ = {isa = PBXFileReference; lastKnownFileType = sourcecode.c.objc; path = main.m; sourceTree = "<group>"; };
		0B63F5841D066BB3005D0423 /* Base */ = {isa = PBXFileReference; lastKnownFileType = file.storyboard; name = Base; path = Base.lproj/Main.storyboard; sourceTree = "<group>"; };
		0B63F5891D066BB3005D0423 /* Base */ = {isa = PBXFileReference; lastKnownFileType = file.storyboard; name = Base; path = Base.lproj/LaunchScreen.storyboard; sourceTree = "<group>"; };
		0B63F58B1D066BB3005D0423 /* Info.plist */ = {isa = PBXFileReference; lastKnownFileType = text.plist.xml; path = Info.plist; sourceTree = "<group>"; };
		0B63F5901D066BB3005D0423 /* OfficeTestTests.xctest */ = {isa = PBXFileReference; explicitFileType = wrapper.cfbundle; includeInIndex = 0; path = OfficeTestTests.xctest; sourceTree = BUILT_PRODUCTS_DIR; };
		0B63F5941D066BB3005D0423 /* OfficeTestTests.m */ = {isa = PBXFileReference; lastKnownFileType = sourcecode.c.objc; path = OfficeTestTests.m; sourceTree = "<group>"; };
		0B63F5961D066BB3005D0423 /* Info.plist */ = {isa = PBXFileReference; lastKnownFileType = text.plist.xml; path = Info.plist; sourceTree = "<group>"; };
		0B63F59B1D066BB4005D0423 /* OfficeTestUITests.xctest */ = {isa = PBXFileReference; explicitFileType = wrapper.cfbundle; includeInIndex = 0; path = OfficeTestUITests.xctest; sourceTree = BUILT_PRODUCTS_DIR; };
		0B63F59F1D066BB4005D0423 /* OfficeTestUITests.m */ = {isa = PBXFileReference; lastKnownFileType = sourcecode.c.objc; path = OfficeTestUITests.m; sourceTree = "<group>"; };
		0B63F5A11D066BB4005D0423 /* Info.plist */ = {isa = PBXFileReference; lastKnownFileType = text.plist.xml; path = Info.plist; sourceTree = "<group>"; };
		0B63F5AF1D067286005D0423 /* AppDelegate.h */ = {isa = PBXFileReference; fileEncoding = 4; lastKnownFileType = sourcecode.c.h; path = AppDelegate.h; sourceTree = "<group>"; };
		0B63F5B01D067286005D0423 /* AppDelegate.m */ = {isa = PBXFileReference; fileEncoding = 4; lastKnownFileType = sourcecode.c.objc; path = AppDelegate.m; sourceTree = "<group>"; };
		0B63F5BA1D067286005D0423 /* APPHeader.h */ = {isa = PBXFileReference; fileEncoding = 4; lastKnownFileType = sourcecode.c.h; path = APPHeader.h; sourceTree = "<group>"; };
		0B63F5BB1D067286005D0423 /* KEYHeader.h */ = {isa = PBXFileReference; fileEncoding = 4; lastKnownFileType = sourcecode.c.h; path = KEYHeader.h; sourceTree = "<group>"; };
		0B63F5BC1D067286005D0423 /* THRHeader.h */ = {isa = PBXFileReference; fileEncoding = 4; lastKnownFileType = sourcecode.c.h; path = THRHeader.h; sourceTree = "<group>"; };
		0B63F5BD1D067286005D0423 /* URLHeader.h */ = {isa = PBXFileReference; fileEncoding = 4; lastKnownFileType = sourcecode.c.h; path = URLHeader.h; sourceTree = "<group>"; };
		0B63F5C21D069920005D0423 /* MessageListViewController.h */ = {isa = PBXFileReference; fileEncoding = 4; lastKnownFileType = sourcecode.c.h; path = MessageListViewController.h; sourceTree = "<group>"; };
		0B63F5C31D069920005D0423 /* MessageListViewController.m */ = {isa = PBXFileReference; fileEncoding = 4; lastKnownFileType = sourcecode.c.objc; path = MessageListViewController.m; sourceTree = "<group>"; };
		0B63F5C61D0699C9005D0423 /* PrefixHeader.pch */ = {isa = PBXFileReference; fileEncoding = 4; lastKnownFileType = sourcecode.c.h; path = PrefixHeader.pch; sourceTree = "<group>"; };
		0B63F5C71D069B12005D0423 /* WorkCollectionViewController.h */ = {isa = PBXFileReference; fileEncoding = 4; lastKnownFileType = sourcecode.c.h; path = WorkCollectionViewController.h; sourceTree = "<group>"; };
		0B63F5C81D069B12005D0423 /* WorkCollectionViewController.m */ = {isa = PBXFileReference; fileEncoding = 4; lastKnownFileType = sourcecode.c.objc; path = WorkCollectionViewController.m; sourceTree = "<group>"; };
		0B63F5CA1D069BCD005D0423 /* ContactsTableViewController.h */ = {isa = PBXFileReference; fileEncoding = 4; lastKnownFileType = sourcecode.c.h; path = ContactsTableViewController.h; sourceTree = "<group>"; };
		0B63F5CB1D069BCD005D0423 /* ContactsTableViewController.m */ = {isa = PBXFileReference; fileEncoding = 4; lastKnownFileType = sourcecode.c.objc; path = ContactsTableViewController.m; sourceTree = "<group>"; };
		0B63F5CD1D069BE1005D0423 /* UserTableViewController.h */ = {isa = PBXFileReference; fileEncoding = 4; lastKnownFileType = sourcecode.c.h; path = UserTableViewController.h; sourceTree = "<group>"; };
		0B63F5CE1D069BE1005D0423 /* UserTableViewController.m */ = {isa = PBXFileReference; fileEncoding = 4; lastKnownFileType = sourcecode.c.objc; path = UserTableViewController.m; sourceTree = "<group>"; };
		0B63F6101D06C41E005D0423 /* KxMenu.h */ = {isa = PBXFileReference; fileEncoding = 4; lastKnownFileType = sourcecode.c.h; path = KxMenu.h; sourceTree = "<group>"; };
		0B63F6111D06C41E005D0423 /* KxMenu.m */ = {isa = PBXFileReference; fileEncoding = 4; lastKnownFileType = sourcecode.c.objc; path = KxMenu.m; sourceTree = "<group>"; };
		0B63F6131D06C491005D0423 /* UIColor+RCColor.h */ = {isa = PBXFileReference; fileEncoding = 4; lastKnownFileType = sourcecode.c.h; path = "UIColor+RCColor.h"; sourceTree = "<group>"; };
		0B63F6141D06C491005D0423 /* UIColor+RCColor.m */ = {isa = PBXFileReference; fileEncoding = 4; lastKnownFileType = sourcecode.c.objc; path = "UIColor+RCColor.m"; sourceTree = "<group>"; };
		0B63F6161D06C4BA005D0423 /* UIImage+RCImage.h */ = {isa = PBXFileReference; fileEncoding = 4; lastKnownFileType = sourcecode.c.h; path = "UIImage+RCImage.h"; sourceTree = "<group>"; };
		0B63F6171D06C4BA005D0423 /* UIImage+RCImage.m */ = {isa = PBXFileReference; fileEncoding = 4; lastKnownFileType = sourcecode.c.objc; path = "UIImage+RCImage.m"; sourceTree = "<group>"; };
		0B6A1A741D23604E00E25E1D /* Images.xcassets */ = {isa = PBXFileReference; lastKnownFileType = folder.assetcatalog; path = Images.xcassets; sourceTree = "<group>"; };
		0B792A4D1D24AE0200D747F8 /* BackGroundView.h */ = {isa = PBXFileReference; fileEncoding = 4; lastKnownFileType = sourcecode.c.h; path = BackGroundView.h; sourceTree = "<group>"; };
		0B792A4E1D24AE0200D747F8 /* BackGroundView.m */ = {isa = PBXFileReference; fileEncoding = 4; lastKnownFileType = sourcecode.c.objc; path = BackGroundView.m; sourceTree = "<group>"; };
		0B792A501D24B30A00D747F8 /* UserAccountTableViewCell.h */ = {isa = PBXFileReference; fileEncoding = 4; lastKnownFileType = sourcecode.c.h; path = UserAccountTableViewCell.h; sourceTree = "<group>"; };
		0B792A511D24B30A00D747F8 /* UserAccountTableViewCell.m */ = {isa = PBXFileReference; fileEncoding = 4; lastKnownFileType = sourcecode.c.objc; path = UserAccountTableViewCell.m; sourceTree = "<group>"; };
		0B88A6C51D23691B004FA9D1 /* UserContentTableViewCell.h */ = {isa = PBXFileReference; fileEncoding = 4; lastKnownFileType = sourcecode.c.h; path = UserContentTableViewCell.h; sourceTree = "<group>"; };
		0B88A6C61D23691B004FA9D1 /* UserContentTableViewCell.m */ = {isa = PBXFileReference; fileEncoding = 4; lastKnownFileType = sourcecode.c.objc; path = UserContentTableViewCell.m; sourceTree = "<group>"; };
		0BCA10051D24C8AE00B70628 /* TabbarController.h */ = {isa = PBXFileReference; fileEncoding = 4; lastKnownFileType = sourcecode.c.h; path = TabbarController.h; sourceTree = "<group>"; };
		0BCA10061D24C8AE00B70628 /* TabbarController.m */ = {isa = PBXFileReference; fileEncoding = 4; lastKnownFileType = sourcecode.c.objc; path = TabbarController.m; sourceTree = "<group>"; };
		643AA43D36A8A8C921FBC330 /* Pods-OfficeTest.debug.xcconfig */ = {isa = PBXFileReference; includeInIndex = 1; lastKnownFileType = text.xcconfig; name = "Pods-OfficeTest.debug.xcconfig"; path = "Pods/Target Support Files/Pods-OfficeTest/Pods-OfficeTest.debug.xcconfig"; sourceTree = "<group>"; };
		A512E1DED29BFDB09C6E57ED /* Pods_OfficeTest.framework */ = {isa = PBXFileReference; explicitFileType = wrapper.framework; includeInIndex = 0; path = Pods_OfficeTest.framework; sourceTree = BUILT_PRODUCTS_DIR; };
		E8BDD258158C2C2D2E300A9D /* Pods-OfficeTest.release.xcconfig */ = {isa = PBXFileReference; includeInIndex = 1; lastKnownFileType = text.xcconfig; name = "Pods-OfficeTest.release.xcconfig"; path = "Pods/Target Support Files/Pods-OfficeTest/Pods-OfficeTest.release.xcconfig"; sourceTree = "<group>"; };
/* End PBXFileReference section */

/* Begin PBXFrameworksBuildPhase section */
		0B63F5741D066BB3005D0423 /* Frameworks */ = {
			isa = PBXFrameworksBuildPhase;
			buildActionMask = 2147483647;
			files = (
				8C382DE6E969321AFBC5F9CD /* Pods_OfficeTest.framework in Frameworks */,
			);
			runOnlyForDeploymentPostprocessing = 0;
		};
		0B63F58D1D066BB3005D0423 /* Frameworks */ = {
			isa = PBXFrameworksBuildPhase;
			buildActionMask = 2147483647;
			files = (
			);
			runOnlyForDeploymentPostprocessing = 0;
		};
		0B63F5981D066BB4005D0423 /* Frameworks */ = {
			isa = PBXFrameworksBuildPhase;
			buildActionMask = 2147483647;
			files = (
			);
			runOnlyForDeploymentPostprocessing = 0;
		};
/* End PBXFrameworksBuildPhase section */

/* Begin PBXGroup section */
		0B2D8E7B1D07B4E80025AE0D /* DataRequestTool */ = {
			isa = PBXGroup;
			children = (
				0B2D8E7F1D07B52A0025AE0D /* DataRequestTool.h */,
				0B2D8E801D07B52A0025AE0D /* DataRequestTool.m */,
			);
			name = DataRequestTool;
			sourceTree = "<group>";
		};
		0B2D8E821D07CA150025AE0D /* Base64 */ = {
			isa = PBXGroup;
			children = (
				0B2D8E831D07CA150025AE0D /* Base64.h */,
				0B2D8E841D07CA150025AE0D /* Base64.m */,
			);
			path = Base64;
			sourceTree = "<group>";
		};
		0B2D8E851D07CA150025AE0D /* NSString-MD5 */ = {
			isa = PBXGroup;
			children = (
				0B2D8E861D07CA150025AE0D /* NSString+MD5.h */,
				0B2D8E871D07CA150025AE0D /* NSString+MD5.m */,
			);
			path = "NSString-MD5";
			sourceTree = "<group>";
		};
		0B63F56E1D066BB3005D0423 = {
			isa = PBXGroup;
			children = (
				0B63F5791D066BB3005D0423 /* OfficeTest */,
				0B63F5931D066BB3005D0423 /* OfficeTestTests */,
				0B63F59E1D066BB4005D0423 /* OfficeTestUITests */,
				0B63F5781D066BB3005D0423 /* Products */,
				833024C0B76E9A60174BC825 /* Pods */,
				FACD5AF0B4704F336BEF4CD0 /* Frameworks */,
			);
			sourceTree = "<group>";
		};
		0B63F5781D066BB3005D0423 /* Products */ = {
			isa = PBXGroup;
			children = (
				0B63F5771D066BB3005D0423 /* OfficeTest.app */,
				0B63F5901D066BB3005D0423 /* OfficeTestTests.xctest */,
				0B63F59B1D066BB4005D0423 /* OfficeTestUITests.xctest */,
			);
			name = Products;
			sourceTree = "<group>";
		};
		0B63F5791D066BB3005D0423 /* OfficeTest */ = {
			isa = PBXGroup;
			children = (
				0B63F5C61D0699C9005D0423 /* PrefixHeader.pch */,
				0B63F5AD1D067286005D0423 /* Source */,
				0B63F5831D066BB3005D0423 /* Main.storyboard */,
				0B63F5881D066BB3005D0423 /* LaunchScreen.storyboard */,
				0B63F58B1D066BB3005D0423 /* Info.plist */,
				0B6A1A741D23604E00E25E1D /* Images.xcassets */,
				0B63F57A1D066BB3005D0423 /* Supporting Files */,
			);
			path = OfficeTest;
			sourceTree = "<group>";
		};
		0B63F57A1D066BB3005D0423 /* Supporting Files */ = {
			isa = PBXGroup;
			children = (
				0B63F57B1D066BB3005D0423 /* main.m */,
			);
			name = "Supporting Files";
			sourceTree = "<group>";
		};
		0B63F5931D066BB3005D0423 /* OfficeTestTests */ = {
			isa = PBXGroup;
			children = (
				0B63F5941D066BB3005D0423 /* OfficeTestTests.m */,
				0B63F5961D066BB3005D0423 /* Info.plist */,
			);
			path = OfficeTestTests;
			sourceTree = "<group>";
		};
		0B63F59E1D066BB4005D0423 /* OfficeTestUITests */ = {
			isa = PBXGroup;
			children = (
				0B63F59F1D066BB4005D0423 /* OfficeTestUITests.m */,
				0B63F5A11D066BB4005D0423 /* Info.plist */,
			);
			path = OfficeTestUITests;
			sourceTree = "<group>";
		};
		0B63F5AD1D067286005D0423 /* Source */ = {
			isa = PBXGroup;
			children = (
				0B63F5AE1D067286005D0423 /* Application */,
				0B63F5B11D067286005D0423 /* BaseClass */,
				0B63F5B21D067286005D0423 /* CodeClass */,
				0B63F5B81D067286005D0423 /* Framework */,
				0B63F5B91D067286005D0423 /* Header */,
				0B63F5BE1D067286005D0423 /* Resources */,
				0B63F5BF1D067286005D0423 /* TheThird */,
			);
			path = Source;
			sourceTree = "<group>";
		};
		0B63F5AE1D067286005D0423 /* Application */ = {
			isa = PBXGroup;
			children = (
				0B63F5AF1D067286005D0423 /* AppDelegate.h */,
				0B63F5B01D067286005D0423 /* AppDelegate.m */,
			);
			path = Application;
			sourceTree = "<group>";
		};
		0B63F5B11D067286005D0423 /* BaseClass */ = {
			isa = PBXGroup;
			children = (
				0B2D8E7B1D07B4E80025AE0D /* DataRequestTool */,
				0B63F60F1D06C41E005D0423 /* KxMenu */,
			);
			path = BaseClass;
			sourceTree = "<group>";
		};
		0B63F5B21D067286005D0423 /* CodeClass */ = {
			isa = PBXGroup;
			children = (
				0B63F5B31D067286005D0423 /* Controller */,
				0B63F5B61D067286005D0423 /* Model */,
				0B63F5B71D067286005D0423 /* View */,
			);
			path = CodeClass;
			sourceTree = "<group>";
		};
		0B63F5B31D067286005D0423 /* Controller */ = {
			isa = PBXGroup;
			children = (
				0B2D8E781D07A56F0025AE0D /* LoginViewController.h */,
				0B2D8E791D07A56F0025AE0D /* LoginViewController.m */,
				0BCA10081D24C8BF00B70628 /* TabBarController */,
			);
			path = Controller;
			sourceTree = "<group>";
		};
		0B63F5B61D067286005D0423 /* Model */ = {
			isa = PBXGroup;
			children = (
			);
			path = Model;
			sourceTree = "<group>";
		};
		0B63F5B71D067286005D0423 /* View */ = {
			isa = PBXGroup;
			children = (
				0B792A531D24B70B00D747F8 /* User */,
			);
			path = View;
			sourceTree = "<group>";
		};
		0B63F5B81D067286005D0423 /* Framework */ = {
			isa = PBXGroup;
			children = (
			);
			path = Framework;
			sourceTree = "<group>";
		};
		0B63F5B91D067286005D0423 /* Header */ = {
			isa = PBXGroup;
			children = (
				0B63F5BA1D067286005D0423 /* APPHeader.h */,
				0B63F5BB1D067286005D0423 /* KEYHeader.h */,
				0B63F5BC1D067286005D0423 /* THRHeader.h */,
				0B63F5BD1D067286005D0423 /* URLHeader.h */,
			);
			path = Header;
			sourceTree = "<group>";
		};
		0B63F5BE1D067286005D0423 /* Resources */ = {
			isa = PBXGroup;
			children = (
			);
			path = Resources;
			sourceTree = "<group>";
		};
		0B63F5BF1D067286005D0423 /* TheThird */ = {
			isa = PBXGroup;
			children = (
				0B2D8E821D07CA150025AE0D /* Base64 */,
				0B2D8E851D07CA150025AE0D /* NSString-MD5 */,
			);
			path = TheThird;
			sourceTree = "<group>";
		};
		0B63F60F1D06C41E005D0423 /* KxMenu */ = {
			isa = PBXGroup;
			children = (
				0B63F6161D06C4BA005D0423 /* UIImage+RCImage.h */,
				0B63F6171D06C4BA005D0423 /* UIImage+RCImage.m */,
				0B63F6131D06C491005D0423 /* UIColor+RCColor.h */,
				0B63F6141D06C491005D0423 /* UIColor+RCColor.m */,
				0B63F6101D06C41E005D0423 /* KxMenu.h */,
				0B63F6111D06C41E005D0423 /* KxMenu.m */,
			);
			path = KxMenu;
			sourceTree = "<group>";
		};
		0B792A531D24B70B00D747F8 /* User */ = {
			isa = PBXGroup;
			children = (
				0B88A6C51D23691B004FA9D1 /* UserContentTableViewCell.h */,
				0B88A6C61D23691B004FA9D1 /* UserContentTableViewCell.m */,
				0B792A501D24B30A00D747F8 /* UserAccountTableViewCell.h */,
				0B792A511D24B30A00D747F8 /* UserAccountTableViewCell.m */,
				0B792A4D1D24AE0200D747F8 /* BackGroundView.h */,
				0B792A4E1D24AE0200D747F8 /* BackGroundView.m */,
			);
			name = User;
			sourceTree = "<group>";
		};
		0BCA10081D24C8BF00B70628 /* TabBarController */ = {
			isa = PBXGroup;
			children = (
				0BCA10051D24C8AE00B70628 /* TabbarController.h */,
				0BCA10061D24C8AE00B70628 /* TabbarController.m */,
				0B63F5C21D069920005D0423 /* MessageListViewController.h */,
				0B63F5C31D069920005D0423 /* MessageListViewController.m */,
				0B63F5C71D069B12005D0423 /* WorkCollectionViewController.h */,
				0B63F5C81D069B12005D0423 /* WorkCollectionViewController.m */,
				0B63F5CA1D069BCD005D0423 /* ContactsTableViewController.h */,
				0B63F5CB1D069BCD005D0423 /* ContactsTableViewController.m */,
				0B63F5CD1D069BE1005D0423 /* UserTableViewController.h */,
				0B63F5CE1D069BE1005D0423 /* UserTableViewController.m */,
			);
			name = TabBarController;
			sourceTree = "<group>";
		};
		833024C0B76E9A60174BC825 /* Pods */ = {
			isa = PBXGroup;
			children = (
				643AA43D36A8A8C921FBC330 /* Pods-OfficeTest.debug.xcconfig */,
				E8BDD258158C2C2D2E300A9D /* Pods-OfficeTest.release.xcconfig */,
			);
			name = Pods;
			sourceTree = "<group>";
		};
		FACD5AF0B4704F336BEF4CD0 /* Frameworks */ = {
			isa = PBXGroup;
			children = (
				A512E1DED29BFDB09C6E57ED /* Pods_OfficeTest.framework */,
			);
			name = Frameworks;
			sourceTree = "<group>";
		};
/* End PBXGroup section */

/* Begin PBXNativeTarget section */
		0B63F5761D066BB3005D0423 /* OfficeTest */ = {
			isa = PBXNativeTarget;
			buildConfigurationList = 0B63F5A41D066BB4005D0423 /* Build configuration list for PBXNativeTarget "OfficeTest" */;
			buildPhases = (
				8FBE06C08E2DBBE098A8B068 /* 📦 Check Pods Manifest.lock */,
				0B63F5731D066BB3005D0423 /* Sources */,
				0B63F5741D066BB3005D0423 /* Frameworks */,
				0B63F5751D066BB3005D0423 /* Resources */,
				B43C9F7673263F10C726FA89 /* 📦 Embed Pods Frameworks */,
				C1A893C90FAB5F949D6A1226 /* 📦 Copy Pods Resources */,
			);
			buildRules = (
			);
			dependencies = (
			);
			name = OfficeTest;
			productName = OfficeTest;
			productReference = 0B63F5771D066BB3005D0423 /* OfficeTest.app */;
			productType = "com.apple.product-type.application";
		};
		0B63F58F1D066BB3005D0423 /* OfficeTestTests */ = {
			isa = PBXNativeTarget;
			buildConfigurationList = 0B63F5A71D066BB4005D0423 /* Build configuration list for PBXNativeTarget "OfficeTestTests" */;
			buildPhases = (
				0B63F58C1D066BB3005D0423 /* Sources */,
				0B63F58D1D066BB3005D0423 /* Frameworks */,
				0B63F58E1D066BB3005D0423 /* Resources */,
			);
			buildRules = (
			);
			dependencies = (
				0B63F5921D066BB3005D0423 /* PBXTargetDependency */,
			);
			name = OfficeTestTests;
			productName = OfficeTestTests;
			productReference = 0B63F5901D066BB3005D0423 /* OfficeTestTests.xctest */;
			productType = "com.apple.product-type.bundle.unit-test";
		};
		0B63F59A1D066BB4005D0423 /* OfficeTestUITests */ = {
			isa = PBXNativeTarget;
			buildConfigurationList = 0B63F5AA1D066BB4005D0423 /* Build configuration list for PBXNativeTarget "OfficeTestUITests" */;
			buildPhases = (
				0B63F5971D066BB4005D0423 /* Sources */,
				0B63F5981D066BB4005D0423 /* Frameworks */,
				0B63F5991D066BB4005D0423 /* Resources */,
			);
			buildRules = (
			);
			dependencies = (
				0B63F59D1D066BB4005D0423 /* PBXTargetDependency */,
			);
			name = OfficeTestUITests;
			productName = OfficeTestUITests;
			productReference = 0B63F59B1D066BB4005D0423 /* OfficeTestUITests.xctest */;
			productType = "com.apple.product-type.bundle.ui-testing";
		};
/* End PBXNativeTarget section */

/* Begin PBXProject section */
		0B63F56F1D066BB3005D0423 /* Project object */ = {
			isa = PBXProject;
			attributes = {
				LastUpgradeCheck = 0730;
				ORGANIZATIONNAME = com.SuRuikeji.fany;
				TargetAttributes = {
					0B63F5761D066BB3005D0423 = {
						CreatedOnToolsVersion = 7.3.1;
					};
					0B63F58F1D066BB3005D0423 = {
						CreatedOnToolsVersion = 7.3.1;
						TestTargetID = 0B63F5761D066BB3005D0423;
					};
					0B63F59A1D066BB4005D0423 = {
						CreatedOnToolsVersion = 7.3.1;
						TestTargetID = 0B63F5761D066BB3005D0423;
					};
				};
			};
			buildConfigurationList = 0B63F5721D066BB3005D0423 /* Build configuration list for PBXProject "OfficeTest" */;
			compatibilityVersion = "Xcode 3.2";
			developmentRegion = English;
			hasScannedForEncodings = 0;
			knownRegions = (
				en,
				Base,
			);
			mainGroup = 0B63F56E1D066BB3005D0423;
			productRefGroup = 0B63F5781D066BB3005D0423 /* Products */;
			projectDirPath = "";
			projectRoot = "";
			targets = (
				0B63F5761D066BB3005D0423 /* OfficeTest */,
				0B63F58F1D066BB3005D0423 /* OfficeTestTests */,
				0B63F59A1D066BB4005D0423 /* OfficeTestUITests */,
			);
		};
/* End PBXProject section */

/* Begin PBXResourcesBuildPhase section */
		0B63F5751D066BB3005D0423 /* Resources */ = {
			isa = PBXResourcesBuildPhase;
			buildActionMask = 2147483647;
			files = (
				0B6A1A751D23604E00E25E1D /* Images.xcassets in Resources */,
				0B63F58A1D066BB3005D0423 /* LaunchScreen.storyboard in Resources */,
				0B63F5851D066BB3005D0423 /* Main.storyboard in Resources */,
			);
			runOnlyForDeploymentPostprocessing = 0;
		};
		0B63F58E1D066BB3005D0423 /* Resources */ = {
			isa = PBXResourcesBuildPhase;
			buildActionMask = 2147483647;
			files = (
			);
			runOnlyForDeploymentPostprocessing = 0;
		};
		0B63F5991D066BB4005D0423 /* Resources */ = {
			isa = PBXResourcesBuildPhase;
			buildActionMask = 2147483647;
			files = (
			);
			runOnlyForDeploymentPostprocessing = 0;
		};
/* End PBXResourcesBuildPhase section */

/* Begin PBXShellScriptBuildPhase section */
		8FBE06C08E2DBBE098A8B068 /* 📦 Check Pods Manifest.lock */ = {
			isa = PBXShellScriptBuildPhase;
			buildActionMask = 2147483647;
			files = (
			);
			inputPaths = (
			);
			name = "📦 Check Pods Manifest.lock";
			outputPaths = (
			);
			runOnlyForDeploymentPostprocessing = 0;
			shellPath = /bin/sh;
			shellScript = "diff \"${PODS_ROOT}/../Podfile.lock\" \"${PODS_ROOT}/Manifest.lock\" > /dev/null\nif [[ $? != 0 ]] ; then\n    cat << EOM\nerror: The sandbox is not in sync with the Podfile.lock. Run 'pod install' or update your CocoaPods installation.\nEOM\n    exit 1\nfi\n";
			showEnvVarsInLog = 0;
		};
		B43C9F7673263F10C726FA89 /* 📦 Embed Pods Frameworks */ = {
			isa = PBXShellScriptBuildPhase;
			buildActionMask = 2147483647;
			files = (
			);
			inputPaths = (
			);
			name = "📦 Embed Pods Frameworks";
			outputPaths = (
			);
			runOnlyForDeploymentPostprocessing = 0;
			shellPath = /bin/sh;
			shellScript = "\"${SRCROOT}/Pods/Target Support Files/Pods-OfficeTest/Pods-OfficeTest-frameworks.sh\"\n";
			showEnvVarsInLog = 0;
		};
		C1A893C90FAB5F949D6A1226 /* 📦 Copy Pods Resources */ = {
			isa = PBXShellScriptBuildPhase;
			buildActionMask = 2147483647;
			files = (
			);
			inputPaths = (
			);
			name = "📦 Copy Pods Resources";
			outputPaths = (
			);
			runOnlyForDeploymentPostprocessing = 0;
			shellPath = /bin/sh;
			shellScript = "\"${SRCROOT}/Pods/Target Support Files/Pods-OfficeTest/Pods-OfficeTest-resources.sh\"\n";
			showEnvVarsInLog = 0;
		};
/* End PBXShellScriptBuildPhase section */

/* Begin PBXSourcesBuildPhase section */
		0B63F5731D066BB3005D0423 /* Sources */ = {
			isa = PBXSourcesBuildPhase;
			buildActionMask = 2147483647;
			files = (
				0B63F6151D06C491005D0423 /* UIColor+RCColor.m in Sources */,
				0B63F5C91D069B12005D0423 /* WorkCollectionViewController.m in Sources */,
				0B88A6C71D23691B004FA9D1 /* UserContentTableViewCell.m in Sources */,
				0B63F5CC1D069BCD005D0423 /* ContactsTableViewController.m in Sources */,
				0B792A521D24B30A00D747F8 /* UserAccountTableViewCell.m in Sources */,
				0B63F5C01D067286005D0423 /* AppDelegate.m in Sources */,
				0B2D8E881D07CA150025AE0D /* Base64.m in Sources */,
				0B2D8E811D07B52A0025AE0D /* DataRequestTool.m in Sources */,
				0B2D8E7A1D07A56F0025AE0D /* LoginViewController.m in Sources */,
				0B2D8E891D07CA150025AE0D /* NSString+MD5.m in Sources */,
				0B63F5CF1D069BE1005D0423 /* UserTableViewController.m in Sources */,
				0BCA10071D24C8AE00B70628 /* TabbarController.m in Sources */,
				0B63F6121D06C41E005D0423 /* KxMenu.m in Sources */,
				0B63F5C41D069920005D0423 /* MessageListViewController.m in Sources */,
				0B792A4F1D24AE0200D747F8 /* BackGroundView.m in Sources */,
				0B63F6181D06C4BA005D0423 /* UIImage+RCImage.m in Sources */,
				0B63F57C1D066BB3005D0423 /* main.m in Sources */,
			);
			runOnlyForDeploymentPostprocessing = 0;
		};
		0B63F58C1D066BB3005D0423 /* Sources */ = {
			isa = PBXSourcesBuildPhase;
			buildActionMask = 2147483647;
			files = (
				0B63F5951D066BB3005D0423 /* OfficeTestTests.m in Sources */,
			);
			runOnlyForDeploymentPostprocessing = 0;
		};
		0B63F5971D066BB4005D0423 /* Sources */ = {
			isa = PBXSourcesBuildPhase;
			buildActionMask = 2147483647;
			files = (
				0B63F5A01D066BB4005D0423 /* OfficeTestUITests.m in Sources */,
			);
			runOnlyForDeploymentPostprocessing = 0;
		};
/* End PBXSourcesBuildPhase section */

/* Begin PBXTargetDependency section */
		0B63F5921D066BB3005D0423 /* PBXTargetDependency */ = {
			isa = PBXTargetDependency;
			target = 0B63F5761D066BB3005D0423 /* OfficeTest */;
			targetProxy = 0B63F5911D066BB3005D0423 /* PBXContainerItemProxy */;
		};
		0B63F59D1D066BB4005D0423 /* PBXTargetDependency */ = {
			isa = PBXTargetDependency;
			target = 0B63F5761D066BB3005D0423 /* OfficeTest */;
			targetProxy = 0B63F59C1D066BB4005D0423 /* PBXContainerItemProxy */;
		};
/* End PBXTargetDependency section */

/* Begin PBXVariantGroup section */
		0B63F5831D066BB3005D0423 /* Main.storyboard */ = {
			isa = PBXVariantGroup;
			children = (
				0B63F5841D066BB3005D0423 /* Base */,
			);
			name = Main.storyboard;
			sourceTree = "<group>";
		};
		0B63F5881D066BB3005D0423 /* LaunchScreen.storyboard */ = {
			isa = PBXVariantGroup;
			children = (
				0B63F5891D066BB3005D0423 /* Base */,
			);
			name = LaunchScreen.storyboard;
			sourceTree = "<group>";
		};
/* End PBXVariantGroup section */

/* Begin XCBuildConfiguration section */
		0B63F5A21D066BB4005D0423 /* Debug */ = {
			isa = XCBuildConfiguration;
			buildSettings = {
				ALWAYS_SEARCH_USER_PATHS = NO;
				CLANG_ANALYZER_NONNULL = YES;
				CLANG_CXX_LANGUAGE_STANDARD = "gnu++0x";
				CLANG_CXX_LIBRARY = "libc++";
				CLANG_ENABLE_MODULES = YES;
				CLANG_ENABLE_OBJC_ARC = YES;
				CLANG_WARN_BOOL_CONVERSION = YES;
				CLANG_WARN_CONSTANT_CONVERSION = YES;
				CLANG_WARN_DIRECT_OBJC_ISA_USAGE = YES_ERROR;
				CLANG_WARN_EMPTY_BODY = YES;
				CLANG_WARN_ENUM_CONVERSION = YES;
				CLANG_WARN_INT_CONVERSION = YES;
				CLANG_WARN_OBJC_ROOT_CLASS = YES_ERROR;
				CLANG_WARN_UNREACHABLE_CODE = YES;
				CLANG_WARN__DUPLICATE_METHOD_MATCH = YES;
				"CODE_SIGN_IDENTITY[sdk=iphoneos*]" = "iPhone Developer";
				COPY_PHASE_STRIP = NO;
				DEBUG_INFORMATION_FORMAT = dwarf;
				ENABLE_STRICT_OBJC_MSGSEND = YES;
				ENABLE_TESTABILITY = YES;
				GCC_C_LANGUAGE_STANDARD = gnu99;
				GCC_DYNAMIC_NO_PIC = NO;
				GCC_NO_COMMON_BLOCKS = YES;
				GCC_OPTIMIZATION_LEVEL = 0;
				GCC_PREPROCESSOR_DEFINITIONS = (
					"DEBUG=1",
					"$(inherited)",
				);
				GCC_WARN_64_TO_32_BIT_CONVERSION = YES;
				GCC_WARN_ABOUT_RETURN_TYPE = YES_ERROR;
				GCC_WARN_UNDECLARED_SELECTOR = YES;
				GCC_WARN_UNINITIALIZED_AUTOS = YES_AGGRESSIVE;
				GCC_WARN_UNUSED_FUNCTION = YES;
				GCC_WARN_UNUSED_VARIABLE = YES;
				IPHONEOS_DEPLOYMENT_TARGET = 9.3;
				MTL_ENABLE_DEBUG_INFO = YES;
				ONLY_ACTIVE_ARCH = YES;
				SDKROOT = iphoneos;
				TARGETED_DEVICE_FAMILY = "1,2";
			};
			name = Debug;
		};
		0B63F5A31D066BB4005D0423 /* Release */ = {
			isa = XCBuildConfiguration;
			buildSettings = {
				ALWAYS_SEARCH_USER_PATHS = NO;
				CLANG_ANALYZER_NONNULL = YES;
				CLANG_CXX_LANGUAGE_STANDARD = "gnu++0x";
				CLANG_CXX_LIBRARY = "libc++";
				CLANG_ENABLE_MODULES = YES;
				CLANG_ENABLE_OBJC_ARC = YES;
				CLANG_WARN_BOOL_CONVERSION = YES;
				CLANG_WARN_CONSTANT_CONVERSION = YES;
				CLANG_WARN_DIRECT_OBJC_ISA_USAGE = YES_ERROR;
				CLANG_WARN_EMPTY_BODY = YES;
				CLANG_WARN_ENUM_CONVERSION = YES;
				CLANG_WARN_INT_CONVERSION = YES;
				CLANG_WARN_OBJC_ROOT_CLASS = YES_ERROR;
				CLANG_WARN_UNREACHABLE_CODE = YES;
				CLANG_WARN__DUPLICATE_METHOD_MATCH = YES;
				"CODE_SIGN_IDENTITY[sdk=iphoneos*]" = "iPhone Developer";
				COPY_PHASE_STRIP = NO;
				DEBUG_INFORMATION_FORMAT = "dwarf-with-dsym";
				ENABLE_NS_ASSERTIONS = NO;
				ENABLE_STRICT_OBJC_MSGSEND = YES;
				GCC_C_LANGUAGE_STANDARD = gnu99;
				GCC_NO_COMMON_BLOCKS = YES;
				GCC_WARN_64_TO_32_BIT_CONVERSION = YES;
				GCC_WARN_ABOUT_RETURN_TYPE = YES_ERROR;
				GCC_WARN_UNDECLARED_SELECTOR = YES;
				GCC_WARN_UNINITIALIZED_AUTOS = YES_AGGRESSIVE;
				GCC_WARN_UNUSED_FUNCTION = YES;
				GCC_WARN_UNUSED_VARIABLE = YES;
				IPHONEOS_DEPLOYMENT_TARGET = 9.3;
				MTL_ENABLE_DEBUG_INFO = NO;
				SDKROOT = iphoneos;
				TARGETED_DEVICE_FAMILY = "1,2";
				VALIDATE_PRODUCT = YES;
			};
			name = Release;
		};
		0B63F5A51D066BB4005D0423 /* Debug */ = {
			isa = XCBuildConfiguration;
			baseConfigurationReference = 643AA43D36A8A8C921FBC330 /* Pods-OfficeTest.debug.xcconfig */;
			buildSettings = {
				ASSETCATALOG_COMPILER_APPICON_NAME = AppIcon;
				ASSETCATALOG_COMPILER_LAUNCHIMAGE_NAME = "Brand Assets";
				CLANG_ENABLE_OBJC_WEAK = YES;
				GCC_PREFIX_HEADER = "$(SRCROOT)/OfficeTest/PrefixHeader.pch";
				INFOPLIST_FILE = OfficeTest/Info.plist;
				IPHONEOS_DEPLOYMENT_TARGET = 8.0;
				LD_RUNPATH_SEARCH_PATHS = "$(inherited) @executable_path/Frameworks";
				PRODUCT_BUNDLE_IDENTIFIER = com.SuRui.tec.OfficeTest;
				PRODUCT_NAME = "$(TARGET_NAME)";
			};
			name = Debug;
		};
		0B63F5A61D066BB4005D0423 /* Release */ = {
			isa = XCBuildConfiguration;
			baseConfigurationReference = E8BDD258158C2C2D2E300A9D /* Pods-OfficeTest.release.xcconfig */;
			buildSettings = {
				ASSETCATALOG_COMPILER_APPICON_NAME = AppIcon;
				ASSETCATALOG_COMPILER_LAUNCHIMAGE_NAME = "Brand Assets";
				CLANG_ENABLE_OBJC_WEAK = YES;
				GCC_PREFIX_HEADER = "$(SRCROOT)/OfficeTest/PrefixHeader.pch";
				INFOPLIST_FILE = OfficeTest/Info.plist;
				IPHONEOS_DEPLOYMENT_TARGET = 8.0;
				LD_RUNPATH_SEARCH_PATHS = "$(inherited) @executable_path/Frameworks";
				PRODUCT_BUNDLE_IDENTIFIER = com.SuRui.tec.OfficeTest;
				PRODUCT_NAME = "$(TARGET_NAME)";
			};
			name = Release;
		};
		0B63F5A81D066BB4005D0423 /* Debug */ = {
			isa = XCBuildConfiguration;
			buildSettings = {
				BUNDLE_LOADER = "$(TEST_HOST)";
				INFOPLIST_FILE = OfficeTestTests/Info.plist;
				IPHONEOS_DEPLOYMENT_TARGET = 8.0;
				LD_RUNPATH_SEARCH_PATHS = "$(inherited) @executable_path/Frameworks @loader_path/Frameworks";
				PRODUCT_BUNDLE_IDENTIFIER = com.SuRui.tec.OfficeTestTests;
				PRODUCT_NAME = "$(TARGET_NAME)";
				TEST_HOST = "$(BUILT_PRODUCTS_DIR)/OfficeTest.app/OfficeTest";
			};
			name = Debug;
		};
		0B63F5A91D066BB4005D0423 /* Release */ = {
			isa = XCBuildConfiguration;
			buildSettings = {
				BUNDLE_LOADER = "$(TEST_HOST)";
				INFOPLIST_FILE = OfficeTestTests/Info.plist;
				IPHONEOS_DEPLOYMENT_TARGET = 8.0;
				LD_RUNPATH_SEARCH_PATHS = "$(inherited) @executable_path/Frameworks @loader_path/Frameworks";
				PRODUCT_BUNDLE_IDENTIFIER = com.SuRui.tec.OfficeTestTests;
				PRODUCT_NAME = "$(TARGET_NAME)";
				TEST_HOST = "$(BUILT_PRODUCTS_DIR)/OfficeTest.app/OfficeTest";
			};
			name = Release;
		};
		0B63F5AB1D066BB4005D0423 /* Debug */ = {
			isa = XCBuildConfiguration;
			buildSettings = {
				INFOPLIST_FILE = OfficeTestUITests/Info.plist;
				LD_RUNPATH_SEARCH_PATHS = "$(inherited) @executable_path/Frameworks @loader_path/Frameworks";
				PRODUCT_BUNDLE_IDENTIFIER = com.SuRui.tec.OfficeTestUITests;
				PRODUCT_NAME = "$(TARGET_NAME)";
				TEST_TARGET_NAME = OfficeTest;
			};
			name = Debug;
		};
		0B63F5AC1D066BB4005D0423 /* Release */ = {
			isa = XCBuildConfiguration;
			buildSettings = {
				INFOPLIST_FILE = OfficeTestUITests/Info.plist;
				LD_RUNPATH_SEARCH_PATHS = "$(inherited) @executable_path/Frameworks @loader_path/Frameworks";
				PRODUCT_BUNDLE_IDENTIFIER = com.SuRui.tec.OfficeTestUITests;
				PRODUCT_NAME = "$(TARGET_NAME)";
				TEST_TARGET_NAME = OfficeTest;
			};
			name = Release;
		};
/* End XCBuildConfiguration section */

/* Begin XCConfigurationList section */
		0B63F5721D066BB3005D0423 /* Build configuration list for PBXProject "OfficeTest" */ = {
			isa = XCConfigurationList;
			buildConfigurations = (
				0B63F5A21D066BB4005D0423 /* Debug */,
				0B63F5A31D066BB4005D0423 /* Release */,
			);
			defaultConfigurationIsVisible = 0;
			defaultConfigurationName = Release;
		};
		0B63F5A41D066BB4005D0423 /* Build configuration list for PBXNativeTarget "OfficeTest" */ = {
			isa = XCConfigurationList;
			buildConfigurations = (
				0B63F5A51D066BB4005D0423 /* Debug */,
				0B63F5A61D066BB4005D0423 /* Release */,
			);
			defaultConfigurationIsVisible = 0;
			defaultConfigurationName = Release;
		};
		0B63F5A71D066BB4005D0423 /* Build configuration list for PBXNativeTarget "OfficeTestTests" */ = {
			isa = XCConfigurationList;
			buildConfigurations = (
				0B63F5A81D066BB4005D0423 /* Debug */,
				0B63F5A91D066BB4005D0423 /* Release */,
			);
			defaultConfigurationIsVisible = 0;
			defaultConfigurationName = Release;
		};
		0B63F5AA1D066BB4005D0423 /* Build configuration list for PBXNativeTarget "OfficeTestUITests" */ = {
			isa = XCConfigurationList;
			buildConfigurations = (
				0B63F5AB1D066BB4005D0423 /* Debug */,
				0B63F5AC1D066BB4005D0423 /* Release */,
			);
			defaultConfigurationIsVisible = 0;
			defaultConfigurationName = Release;
		};
/* End XCConfigurationList section */
	};
	rootObject = 0B63F56F1D066BB3005D0423 /* Project object */;
}
